# Pinned OpenTimestamps production verifier/stamper and its complete runtime closure.
# Update only with an explicit receipt-format/trust-boundary review.
opentimestamps-client==0.7.2
opentimestamps==0.4.5
python-bitcoinlib==0.12.2
pycryptodomex==3.23.0
GitPython==3.1.50
gitdb==4.0.12
smmap==5.0.3
PySocks==1.7.1
appdirs==1.4.4
